
Microsoft Visual Studio Solution File, Format Version 12.00
# Visual Studio 14
VisualStudioVersion = 14.0.23107.0
MinimumVisualStudioVersion = 10.0.40219.1
Project("{FAE04EC0-301F-11D3-BF4B-00C04F79EFBC}") = "comics.PL.WebApp", "comics.PL.WebApp\comics.PL.WebApp.csproj", "{B7EB76F7-4287-41F8-8635-C8CDC016B2D7}"
EndProject
Project("{FAE04EC0-301F-11D3-BF4B-00C04F79EFBC}") = "comics.Entities", "comics.Entities\comics.Entities.csproj", "{72919E22-B29B-4047-8AC4-A39C425A352C}"
EndProject
Project("{FAE04EC0-301F-11D3-BF4B-00C04F79EFBC}") = "comics.BLL.Contract", "comics.BLL.Contract\comics.BLL.Contract.csproj", "{56429402-503E-4CC4-A409-5CFB70C7FEFA}"
EndProject
Project("{FAE04EC0-301F-11D3-BF4B-00C04F79EFBC}") = "comics.BLL.Core", "comics.BLL.Core\comics.BLL.Core.csproj", "{0BE65BEE-159F-416F-B9AA-5AEB3ED36FB4}"
EndProject
Project("{FAE04EC0-301F-11D3-BF4B-00C04F79EFBC}") = "comics.DAL.Contract", "comics.DAL.Contract\comics.DAL.Contract.csproj", "{5BE1AB7F-6923-4FBD-B9CC-08C6862D1E28}"
EndProject
Project("{FAE04EC0-301F-11D3-BF4B-00C04F79EFBC}") = "comics.DAL.SQL", "comics.DAL.SQL\comics.DAL.SQL.csproj", "{F56E2807-A425-453B-89E2-C5290C5C6BEE}"
EndProject
Global
	GlobalSection(SolutionConfigurationPlatforms) = preSolution
		Debug|Any CPU = Debug|Any CPU
		Release|Any CPU = Release|Any CPU
	EndGlobalSection
	GlobalSection(ProjectConfigurationPlatforms) = postSolution
		{B7EB76F7-4287-41F8-8635-C8CDC016B2D7}.Debug|Any CPU.ActiveCfg = Debug|Any CPU
		{B7EB76F7-4287-41F8-8635-C8CDC016B2D7}.Debug|Any CPU.Build.0 = Debug|Any CPU
		{B7EB76F7-4287-41F8-8635-C8CDC016B2D7}.Release|Any CPU.ActiveCfg = Release|Any CPU
		{B7EB76F7-4287-41F8-8635-C8CDC016B2D7}.Release|Any CPU.Build.0 = Release|Any CPU
		{72919E22-B29B-4047-8AC4-A39C425A352C}.Debug|Any CPU.ActiveCfg = Debug|Any CPU
		{72919E22-B29B-4047-8AC4-A39C425A352C}.Debug|Any CPU.Build.0 = Debug|Any CPU
		{72919E22-B29B-4047-8AC4-A39C425A352C}.Release|Any CPU.ActiveCfg = Release|Any CPU
		{72919E22-B29B-4047-8AC4-A39C425A352C}.Release|Any CPU.Build.0 = Release|Any CPU
		{56429402-503E-4CC4-A409-5CFB70C7FEFA}.Debug|Any CPU.ActiveCfg = Debug|Any CPU
		{56429402-503E-4CC4-A409-5CFB70C7FEFA}.Debug|Any CPU.Build.0 = Debug|Any CPU
		{56429402-503E-4CC4-A409-5CFB70C7FEFA}.Release|Any CPU.ActiveCfg = Release|Any CPU
		{56429402-503E-4CC4-A409-5CFB70C7FEFA}.Release|Any CPU.Build.0 = Release|Any CPU
		{0BE65BEE-159F-416F-B9AA-5AEB3ED36FB4}.Debug|Any CPU.ActiveCfg = Debug|Any CPU
		{0BE65BEE-159F-416F-B9AA-5AEB3ED36FB4}.Debug|Any CPU.Build.0 = Debug|Any CPU
		{0BE65BEE-159F-416F-B9AA-5AEB3ED36FB4}.Release|Any CPU.ActiveCfg = Release|Any CPU
		{0BE65BEE-159F-416F-B9AA-5AEB3ED36FB4}.Release|Any CPU.Build.0 = Release|Any CPU
		{5BE1AB7F-6923-4FBD-B9CC-08C6862D1E28}.Debug|Any CPU.ActiveCfg = Debug|Any CPU
		{5BE1AB7F-6923-4FBD-B9CC-08C6862D1E28}.Debug|Any CPU.Build.0 = Debug|Any CPU
		{5BE1AB7F-6923-4FBD-B9CC-08C6862D1E28}.Release|Any CPU.ActiveCfg = Release|Any CPU
		{5BE1AB7F-6923-4FBD-B9CC-08C6862D1E28}.Release|Any CPU.Build.0 = Release|Any CPU
		{F56E2807-A425-453B-89E2-C5290C5C6BEE}.Debug|Any CPU.ActiveCfg = Debug|Any CPU
		{F56E2807-A425-453B-89E2-C5290C5C6BEE}.Debug|Any CPU.Build.0 = Debug|Any CPU
		{F56E2807-A425-453B-89E2-C5290C5C6BEE}.Release|Any CPU.ActiveCfg = Release|Any CPU
		{F56E2807-A425-453B-89E2-C5290C5C6BEE}.Release|Any CPU.Build.0 = Release|Any CPU
	EndGlobalSection
	GlobalSection(SolutionProperties) = preSolution
		HideSolutionNode = FALSE
	EndGlobalSection
EndGlobal
